
Microsoft Visual Studio Solution File, Format Version 12.00
# Visual Studio 15
VisualStudioVersion = 15.0.27130.2020
MinimumVisualStudioVersion = 10.0.40219.1
Project("{FAE04EC0-301F-11D3-BF4B-00C04F79EFBC}") = "DeckofCards", "DeckofCards\DeckofCards.csproj", "{B6D67EF6-4A5A-4EB8-B2AE-42FEEC679BED}"
EndProject
Global
	GlobalSection(SolutionConfigurationPlatforms) = preSolution
		Debug|Any CPU = Debug|Any CPU
		Release|Any CPU = Release|Any CPU
	EndGlobalSection
	GlobalSection(ProjectConfigurationPlatforms) = postSolution
		{B6D67EF6-4A5A-4EB8-B2AE-42FEEC679BED}.Debug|Any CPU.ActiveCfg = Debug|Any CPU
		{B6D67EF6-4A5A-4EB8-B2AE-42FEEC679BED}.Debug|Any CPU.Build.0 = Debug|Any CPU
		{B6D67EF6-4A5A-4EB8-B2AE-42FEEC679BED}.Release|Any CPU.ActiveCfg = Release|Any CPU
		{B6D67EF6-4A5A-4EB8-B2AE-42FEEC679BED}.Release|Any CPU.Build.0 = Release|Any CPU
	EndGlobalSection
	GlobalSection(SolutionProperties) = preSolution
		HideSolutionNode = FALSE
	EndGlobalSection
	GlobalSection(ExtensibilityGlobals) = postSolution
		SolutionGuid = {113B1799-4060-4504-BDCD-53F5604626BD}
	EndGlobalSection
EndGlobal
